
Microsoft Visual Studio Solution File, Format Version 12.00
# Visual Studio Version 16
VisualStudioVersion = 16.0.32802.440
MinimumVisualStudioVersion = 10.0.40219.1
Project("{FAE04EC0-301F-11D3-BF4B-00C04F79EFBC}") = "web1", "web1\web1.csproj", "{B1459708-05A9-45B4-848C-003B42EAE251}"
EndProject
Global
	GlobalSection(SolutionConfigurationPlatforms) = preSolution
		Debug|Any CPU = Debug|Any CPU
		Release|Any CPU = Release|Any CPU
	EndGlobalSection
	GlobalSection(ProjectConfigurationPlatforms) = postSolution
		{B1459708-05A9-45B4-848C-003B42EAE251}.Debug|Any CPU.ActiveCfg = Debug|Any CPU
		{B1459708-05A9-45B4-848C-003B42EAE251}.Debug|Any CPU.Build.0 = Debug|Any CPU
		{B1459708-05A9-45B4-848C-003B42EAE251}.Release|Any CPU.ActiveCfg = Release|Any CPU
		{B1459708-05A9-45B4-848C-003B42EAE251}.Release|Any CPU.Build.0 = Release|Any CPU
	EndGlobalSection
	GlobalSection(SolutionProperties) = preSolution
		HideSolutionNode = FALSE
	EndGlobalSection
	GlobalSection(ExtensibilityGlobals) = postSolution
		SolutionGuid = {DE0414DE-8927-492F-826A-CDBC7B798A92}
	EndGlobalSection
EndGlobal
