
Microsoft Visual Studio Solution File, Format Version 12.00
# Visual Studio Version 16
VisualStudioVersion = 16.0.32802.440
MinimumVisualStudioVersion = 10.0.40219.1
Project("{FAE04EC0-301F-11D3-BF4B-00C04F79EFBC}") = "WebApplication1", "WebApplication1\WebApplication1.csproj", "{0B15CE25-A406-432C-A93D-5AEA98C4804F}"
EndProject
Global
	GlobalSection(SolutionConfigurationPlatforms) = preSolution
		Debug|Any CPU = Debug|Any CPU
		Release|Any CPU = Release|Any CPU
	EndGlobalSection
	GlobalSection(ProjectConfigurationPlatforms) = postSolution
		{0B15CE25-A406-432C-A93D-5AEA98C4804F}.Debug|Any CPU.ActiveCfg = Debug|Any CPU
		{0B15CE25-A406-432C-A93D-5AEA98C4804F}.Debug|Any CPU.Build.0 = Debug|Any CPU
		{0B15CE25-A406-432C-A93D-5AEA98C4804F}.Release|Any CPU.ActiveCfg = Release|Any CPU
		{0B15CE25-A406-432C-A93D-5AEA98C4804F}.Release|Any CPU.Build.0 = Release|Any CPU
	EndGlobalSection
	GlobalSection(SolutionProperties) = preSolution
		HideSolutionNode = FALSE
	EndGlobalSection
	GlobalSection(ExtensibilityGlobals) = postSolution
		SolutionGuid = {0B810337-4FE8-4474-8950-35F01B4C02A8}
	EndGlobalSection
EndGlobal
